PODS:
  - AFNetworking (3.2.1):
    - AFNetworking/NSURLSession (= 3.2.1)
    - AFNetworking/Reachability (= 3.2.1)
    - AFNetworking/Security (= 3.2.1)
    - AFNetworking/Serialization (= 3.2.1)
    - AFNetworking/UIKit (= 3.2.1)
  - AFNetworking/NSURLSession (3.2.1):
    - AFNetworking/Reachability
    - AFNetworking/Security
    - AFNetworking/Serialization
  - AFNetworking/Reachability (3.2.1)
  - AFNetworking/Security (3.2.1)
  - AFNetworking/Serialization (3.2.1)
  - AFNetworking/UIKit (3.2.1):
    - AFNetworking/NSURLSession
  - FMDB (2.7.2):
    - FMDB/standard (= 2.7.2)
  - FMDB/standard (2.7.2)
  - IQKeyboardManager (6.0.4)
  - JSONModel (1.7.0)
  - SocketRocket (0.5.1)
  - YYModel (1.0.4)

DEPENDENCIES:
  - AFNetworking
  - FMDB
  - IQKeyboardManager
  - JSONModel
  - SocketRocket
  - YYModel

SPEC CHECKSUMS:
  AFNetworking: b6f891fdfaed196b46c7a83cf209e09697b94057
  FMDB: 6198a90e7b6900cfc046e6bc0ef6ebb7be9236aa
  IQKeyboardManager: 29514134ef0334a6fa33cf4eee11c36c064baeaf
  JSONModel: 840bc0fcffb24b8454d2c026bf26fea454b8e98d
  SocketRocket: d57c7159b83c3c6655745cd15302aa24b6bae531
  YYModel: 2a7fdd96aaa4b86a824e26d0c517de8928c04b30

PODFILE CHECKSUM: 65a95c24a04337c62144a29579aa9b0b8a913ec5

COCOAPODS: 1.4.0
